
Microsoft Visual Studio Solution File, Format Version 12.00
# Visual Studio Version 17
VisualStudioVersion = 17.4.33213.308
MinimumVisualStudioVersion = 10.0.40219.1
Project("{FAE04EC0-301F-11D3-BF4B-00C04F79EFBC}") = "web_api5", "web_api5\web_api5.csproj", "{5B31A98F-50D1-435D-AF08-B49C63D6D2EE}"
EndProject
Global
	GlobalSection(SolutionConfigurationPlatforms) = preSolution
		Debug|Any CPU = Debug|Any CPU
		Release|Any CPU = Release|Any CPU
	EndGlobalSection
	GlobalSection(ProjectConfigurationPlatforms) = postSolution
		{5B31A98F-50D1-435D-AF08-B49C63D6D2EE}.Debug|Any CPU.ActiveCfg = Debug|Any CPU
		{5B31A98F-50D1-435D-AF08-B49C63D6D2EE}.Debug|Any CPU.Build.0 = Debug|Any CPU
		{5B31A98F-50D1-435D-AF08-B49C63D6D2EE}.Release|Any CPU.ActiveCfg = Release|Any CPU
		{5B31A98F-50D1-435D-AF08-B49C63D6D2EE}.Release|Any CPU.Build.0 = Release|Any CPU
	EndGlobalSection
	GlobalSection(SolutionProperties) = preSolution
		HideSolutionNode = FALSE
	EndGlobalSection
	GlobalSection(ExtensibilityGlobals) = postSolution
		SolutionGuid = {57CB9337-6E87-4A78-9135-305D624D6707}
	EndGlobalSection
EndGlobal
